
Microsoft Visual Studio Solution File, Format Version 12.00
# Visual Studio Version 17
VisualStudioVersion = 17.2.32630.192
MinimumVisualStudioVersion = 10.0.40219.1
Project("{9A19103F-16F7-4668-BE54-9A1E7A4F7556}") = "Dungeoncrawler", "Dungeoncrawler\Dungeoncrawler.csproj", "{A22A3FEA-002F-48E5-B40A-F136588E8BE4}"
EndProject
Project("{2150E333-8FDC-42A3-9474-1A3956D46DE8}") = "Solution Items", "Solution Items", "{7CA353F0-ED56-46C1-B41A-7885232A4C23}"
	ProjectSection(SolutionItems) = preProject
		Class1.cs = Class1.cs
		Class2.cs = Class2.cs
	EndProjectSection
EndProject
Project("{9A19103F-16F7-4668-BE54-9A1E7A4F7556}") = "CharacterStats", "MonsterstatsLibrary\CharacterStats.csproj", "{2592F35B-F113-4433-8255-311FB3D39FA8}"
EndProject
Project("{9A19103F-16F7-4668-BE54-9A1E7A4F7556}") = "RoomLibrary", "RoomLibrary\RoomLibrary.csproj", "{07733C5D-EF84-450D-B979-322D75538F4E}"
EndProject
Project("{9A19103F-16F7-4668-BE54-9A1E7A4F7556}") = "WeaponLibrary", "Weapon\WeaponLibrary.csproj", "{15759ED8-D29D-4215-80EC-39BD45E88F80}"
EndProject
Project("{9A19103F-16F7-4668-BE54-9A1E7A4F7556}") = "CharacterInformation", "CharacterInformation\CharacterInformation.csproj", "{06DF30CF-A5EA-4E95-BD7E-6764622B99CB}"
EndProject
Global
	GlobalSection(SolutionConfigurationPlatforms) = preSolution
		Debug|Any CPU = Debug|Any CPU
		Release|Any CPU = Release|Any CPU
	EndGlobalSection
	GlobalSection(ProjectConfigurationPlatforms) = postSolution
		{A22A3FEA-002F-48E5-B40A-F136588E8BE4}.Debug|Any CPU.ActiveCfg = Debug|Any CPU
		{A22A3FEA-002F-48E5-B40A-F136588E8BE4}.Debug|Any CPU.Build.0 = Debug|Any CPU
		{A22A3FEA-002F-48E5-B40A-F136588E8BE4}.Release|Any CPU.ActiveCfg = Release|Any CPU
		{A22A3FEA-002F-48E5-B40A-F136588E8BE4}.Release|Any CPU.Build.0 = Release|Any CPU
		{2592F35B-F113-4433-8255-311FB3D39FA8}.Debug|Any CPU.ActiveCfg = Debug|Any CPU
		{2592F35B-F113-4433-8255-311FB3D39FA8}.Debug|Any CPU.Build.0 = Debug|Any CPU
		{2592F35B-F113-4433-8255-311FB3D39FA8}.Release|Any CPU.ActiveCfg = Release|Any CPU
		{2592F35B-F113-4433-8255-311FB3D39FA8}.Release|Any CPU.Build.0 = Release|Any CPU
		{07733C5D-EF84-450D-B979-322D75538F4E}.Debug|Any CPU.ActiveCfg = Debug|Any CPU
		{07733C5D-EF84-450D-B979-322D75538F4E}.Debug|Any CPU.Build.0 = Debug|Any CPU
		{07733C5D-EF84-450D-B979-322D75538F4E}.Release|Any CPU.ActiveCfg = Release|Any CPU
		{07733C5D-EF84-450D-B979-322D75538F4E}.Release|Any CPU.Build.0 = Release|Any CPU
		{15759ED8-D29D-4215-80EC-39BD45E88F80}.Debug|Any CPU.ActiveCfg = Debug|Any CPU
		{15759ED8-D29D-4215-80EC-39BD45E88F80}.Debug|Any CPU.Build.0 = Debug|Any CPU
		{15759ED8-D29D-4215-80EC-39BD45E88F80}.Release|Any CPU.ActiveCfg = Release|Any CPU
		{15759ED8-D29D-4215-80EC-39BD45E88F80}.Release|Any CPU.Build.0 = Release|Any CPU
		{06DF30CF-A5EA-4E95-BD7E-6764622B99CB}.Debug|Any CPU.ActiveCfg = Debug|Any CPU
		{06DF30CF-A5EA-4E95-BD7E-6764622B99CB}.Debug|Any CPU.Build.0 = Debug|Any CPU
		{06DF30CF-A5EA-4E95-BD7E-6764622B99CB}.Release|Any CPU.ActiveCfg = Release|Any CPU
		{06DF30CF-A5EA-4E95-BD7E-6764622B99CB}.Release|Any CPU.Build.0 = Release|Any CPU
	EndGlobalSection
	GlobalSection(SolutionProperties) = preSolution
		HideSolutionNode = FALSE
	EndGlobalSection
	GlobalSection(ExtensibilityGlobals) = postSolution
		SolutionGuid = {4EB0B9C5-6031-4284-A6CE-F1D99E7F3662}
	EndGlobalSection
EndGlobal
